
Microsoft Visual Studio Solution File, Format Version 12.00
# Visual Studio Version 16
VisualStudioVersion = 16.0.31105.61
MinimumVisualStudioVersion = 10.0.40219.1
Project("{9A19103F-16F7-4668-BE54-9A1E7A4F7556}") = "StarwarsTheme.Domain", "StarwarsTheme.Domain\StarwarsTheme.Domain.csproj", "{C532FFAE-347C-4480-818E-BAAFB7C86F60}"
EndProject
Project("{9A19103F-16F7-4668-BE54-9A1E7A4F7556}") = "StarwarsTheme.Test", "StarwarsTheme.Test\StarwarsTheme.Test.csproj", "{CEC6FAE2-713D-43DA-BDF4-9A29BFBB8F80}"
EndProject
Project("{FAE04EC0-301F-11D3-BF4B-00C04F79EFBC}") = "StarwarsTheme.Application", "StarwarsTheme.Application\StarwarsTheme.Application.csproj", "{DAFE2050-8FCB-44E8-AB98-B5C4BCAE9597}"
EndProject
Project("{FAE04EC0-301F-11D3-BF4B-00C04F79EFBC}") = "StarwarsTheme", "StarwarsTheme\StarwarsTheme.csproj", "{C84608DE-9182-4BF3-97CB-AF87AE131EDE}"
EndProject
Project("{FAE04EC0-301F-11D3-BF4B-00C04F79EFBC}") = "StarwarsTheme.Infrastructure", "StarwarsTheme.Infrastructure\StarwarsTheme.Infrastructure.csproj", "{39051AA9-DC7C-4EB1-8EC6-DAEA7E400F96}"
EndProject
Global
	GlobalSection(SolutionConfigurationPlatforms) = preSolution
		Debug|Any CPU = Debug|Any CPU
		Release|Any CPU = Release|Any CPU
	EndGlobalSection
	GlobalSection(ProjectConfigurationPlatforms) = postSolution
		{C532FFAE-347C-4480-818E-BAAFB7C86F60}.Debug|Any CPU.ActiveCfg = Debug|Any CPU
		{C532FFAE-347C-4480-818E-BAAFB7C86F60}.Debug|Any CPU.Build.0 = Debug|Any CPU
		{C532FFAE-347C-4480-818E-BAAFB7C86F60}.Release|Any CPU.ActiveCfg = Release|Any CPU
		{C532FFAE-347C-4480-818E-BAAFB7C86F60}.Release|Any CPU.Build.0 = Release|Any CPU
		{CEC6FAE2-713D-43DA-BDF4-9A29BFBB8F80}.Debug|Any CPU.ActiveCfg = Debug|Any CPU
		{CEC6FAE2-713D-43DA-BDF4-9A29BFBB8F80}.Debug|Any CPU.Build.0 = Debug|Any CPU
		{CEC6FAE2-713D-43DA-BDF4-9A29BFBB8F80}.Release|Any CPU.ActiveCfg = Release|Any CPU
		{CEC6FAE2-713D-43DA-BDF4-9A29BFBB8F80}.Release|Any CPU.Build.0 = Release|Any CPU
		{DAFE2050-8FCB-44E8-AB98-B5C4BCAE9597}.Debug|Any CPU.ActiveCfg = Debug|Any CPU
		{DAFE2050-8FCB-44E8-AB98-B5C4BCAE9597}.Debug|Any CPU.Build.0 = Debug|Any CPU
		{DAFE2050-8FCB-44E8-AB98-B5C4BCAE9597}.Release|Any CPU.ActiveCfg = Release|Any CPU
		{DAFE2050-8FCB-44E8-AB98-B5C4BCAE9597}.Release|Any CPU.Build.0 = Release|Any CPU
		{C84608DE-9182-4BF3-97CB-AF87AE131EDE}.Debug|Any CPU.ActiveCfg = Debug|Any CPU
		{C84608DE-9182-4BF3-97CB-AF87AE131EDE}.Debug|Any CPU.Build.0 = Debug|Any CPU
		{C84608DE-9182-4BF3-97CB-AF87AE131EDE}.Release|Any CPU.ActiveCfg = Release|Any CPU
		{C84608DE-9182-4BF3-97CB-AF87AE131EDE}.Release|Any CPU.Build.0 = Release|Any CPU
		{39051AA9-DC7C-4EB1-8EC6-DAEA7E400F96}.Debug|Any CPU.ActiveCfg = Debug|Any CPU
		{39051AA9-DC7C-4EB1-8EC6-DAEA7E400F96}.Debug|Any CPU.Build.0 = Debug|Any CPU
		{39051AA9-DC7C-4EB1-8EC6-DAEA7E400F96}.Release|Any CPU.ActiveCfg = Release|Any CPU
		{39051AA9-DC7C-4EB1-8EC6-DAEA7E400F96}.Release|Any CPU.Build.0 = Release|Any CPU
	EndGlobalSection
	GlobalSection(SolutionProperties) = preSolution
		HideSolutionNode = FALSE
	EndGlobalSection
	GlobalSection(ExtensibilityGlobals) = postSolution
		SolutionGuid = {BE235392-1E60-4211-A179-701035C9C907}
	EndGlobalSection
EndGlobal
